
Microsoft Visual Studio Solution File, Format Version 12.00
# Visual Studio 15
VisualStudioVersion = 15.0.28307.271
MinimumVisualStudioVersion = 10.0.40219.1
Project("{FAE04EC0-301F-11D3-BF4B-00C04F79EFBC}") = "Assignment05", "Assignment05\Assignment05.csproj", "{2DCAA790-852A-423E-A833-87EAD0C89BC7}"
EndProject
Global
	GlobalSection(SolutionConfigurationPlatforms) = preSolution
		Debug|Any CPU = Debug|Any CPU
		Release|Any CPU = Release|Any CPU
	EndGlobalSection
	GlobalSection(ProjectConfigurationPlatforms) = postSolution
		{2DCAA790-852A-423E-A833-87EAD0C89BC7}.Debug|Any CPU.ActiveCfg = Debug|Any CPU
		{2DCAA790-852A-423E-A833-87EAD0C89BC7}.Debug|Any CPU.Build.0 = Debug|Any CPU
		{2DCAA790-852A-423E-A833-87EAD0C89BC7}.Release|Any CPU.ActiveCfg = Release|Any CPU
		{2DCAA790-852A-423E-A833-87EAD0C89BC7}.Release|Any CPU.Build.0 = Release|Any CPU
	EndGlobalSection
	GlobalSection(SolutionProperties) = preSolution
		HideSolutionNode = FALSE
	EndGlobalSection
	GlobalSection(ExtensibilityGlobals) = postSolution
		SolutionGuid = {1942E8EC-CC1E-4442-9AB6-03EF709926D4}
	EndGlobalSection
EndGlobal
